
Microsoft Visual Studio Solution File, Format Version 12.00
# Visual Studio Version 17
VisualStudioVersion = 17.13.35818.85
MinimumVisualStudioVersion = 10.0.40219.1
Project("{FAE04EC0-301F-11D3-BF4B-00C04F79EFBC}") = "ScimSsoAuthorize", "ScimSsoAuthorize\ScimSsoAuthorize.csproj", "{11EF0E91-CF3F-CE91-78CB-51514C63AE02}"
EndProject
Project("{FAE04EC0-301F-11D3-BF4B-00C04F79EFBC}") = "ScimSsoAuthorize.Tests", "ScimSsoAuthorize.Tests\ScimSsoAuthorize.Tests.csproj", "{978AD24F-A450-4C2B-BA0D-CBA13C5E94BB}"
EndProject
Global
	GlobalSection(SolutionConfigurationPlatforms) = preSolution
		Debug|Any CPU = Debug|Any CPU
		Release|Any CPU = Release|Any CPU
	EndGlobalSection
	GlobalSection(ProjectConfigurationPlatforms) = postSolution
		{11EF0E91-CF3F-CE91-78CB-51514C63AE02}.Debug|Any CPU.ActiveCfg = Debug|Any CPU
		{11EF0E91-CF3F-CE91-78CB-51514C63AE02}.Debug|Any CPU.Build.0 = Debug|Any CPU
		{11EF0E91-CF3F-CE91-78CB-51514C63AE02}.Release|Any CPU.ActiveCfg = Release|Any CPU
		{11EF0E91-CF3F-CE91-78CB-51514C63AE02}.Release|Any CPU.Build.0 = Release|Any CPU
		{978AD24F-A450-4C2B-BA0D-CBA13C5E94BB}.Debug|Any CPU.ActiveCfg = Debug|Any CPU
		{978AD24F-A450-4C2B-BA0D-CBA13C5E94BB}.Debug|Any CPU.Build.0 = Debug|Any CPU
		{978AD24F-A450-4C2B-BA0D-CBA13C5E94BB}.Release|Any CPU.ActiveCfg = Release|Any CPU
		{978AD24F-A450-4C2B-BA0D-CBA13C5E94BB}.Release|Any CPU.Build.0 = Release|Any CPU
	EndGlobalSection
	GlobalSection(SolutionProperties) = preSolution
		HideSolutionNode = FALSE
	EndGlobalSection
	GlobalSection(ExtensibilityGlobals) = postSolution
		SolutionGuid = {CF22A54B-023C-480F-910A-69EDB0814B93}
	EndGlobalSection
EndGlobal
